// !$*UTF8*$!
{
	archiveVersion = 1;
	classes = {
	};
	objectVersion = 46;
	objects = {

/* Begin PBXBuildFile section */
		D4C24D3C19C5F9880015639A /* Foundation.framework in Frameworks */ = {isa = PBXBuildFile; fileRef = D4C24D3B19C5F9880015639A /* Foundation.framework */; };
		D4C24D3E19C5F9880015639A /* CoreGraphics.framework in Frameworks */ = {isa = PBXBuildFile; fileRef = D4C24D3D19C5F9880015639A /* CoreGraphics.framework */; };
		D4C24D4019C5F9880015639A /* UIKit.framework in Frameworks */ = {isa = PBXBuildFile; fileRef = D4C24D3F19C5F9880015639A /* UIKit.framework */; };
		D4C24D4619C5F9880015639A /* InfoPlist.strings in Resources */ = {isa = PBXBuildFile; fileRef = D4C24D4419C5F9880015639A /* InfoPlist.strings */; };
		D4C24D4819C5F9880015639A /* main.m in Sources */ = {isa = PBXBuildFile; fileRef = D4C24D4719C5F9880015639A /* main.m */; };
		D4C24D4C19C5F9880015639A /* KIAppDelegate.m in Sources */ = {isa = PBXBuildFile; fileRef = D4C24D4B19C5F9880015639A /* KIAppDelegate.m */; };
		D4C24D4F19C5F9880015639A /* Main.storyboard in Resources */ = {isa = PBXBuildFile; fileRef = D4C24D4D19C5F9880015639A /* Main.storyboard */; };
		D4C24D5219C5F9880015639A /* KIViewController.m in Sources */ = {isa = PBXBuildFile; fileRef = D4C24D5119C5F9880015639A /* KIViewController.m */; };
		D4C24D5419C5F9880015639A /* Images.xcassets in Resources */ = {isa = PBXBuildFile; fileRef = D4C24D5319C5F9880015639A /* Images.xcassets */; };
		D4C24D5B19C5F9880015639A /* XCTest.framework in Frameworks */ = {isa = PBXBuildFile; fileRef = D4C24D5A19C5F9880015639A /* XCTest.framework */; };
		D4C24D5C19C5F9880015639A /* Foundation.framework in Frameworks */ = {isa = PBXBuildFile; fileRef = D4C24D3B19C5F9880015639A /* Foundation.framework */; };
		D4C24D5D19C5F9880015639A /* UIKit.framework in Frameworks */ = {isa = PBXBuildFile; fileRef = D4C24D3F19C5F9880015639A /* UIKit.framework */; };
		D4C24D6519C5F9880015639A /* InfoPlist.strings in Resources */ = {isa = PBXBuildFile; fileRef = D4C24D6319C5F9880015639A /* InfoPlist.strings */; };
		D4C24D6719C5F9880015639A /* ProgressTests.m in Sources */ = {isa = PBXBuildFile; fileRef = D4C24D6619C5F9880015639A /* ProgressTests.m */; };
		D4C24D7319C5FA920015639A /* KIProgressViewManager.m in Sources */ = {isa = PBXBuildFile; fileRef = D4C24D7219C5FA920015639A /* KIProgressViewManager.m */; };
		D4C24D7619C5FDB30015639A /* KIProgressView.m in Sources */ = {isa = PBXBuildFile; fileRef = D4C24D7519C5FDB30015639A /* KIProgressView.m */; };
/* End PBXBuildFile section */

/* Begin PBXContainerItemProxy section */
		D4C24D5E19C5F9880015639A /* PBXContainerItemProxy */ = {
			isa = PBXContainerItemProxy;
			containerPortal = D4C24D3019C5F9880015639A /* Project object */;
			proxyType = 1;
			remoteGlobalIDString = D4C24D3719C5F9880015639A;
			remoteInfo = Progress;
		};
/* End PBXContainerItemProxy section */

/* Begin PBXFileReference section */
		D4C24D3819C5F9880015639A /* Progress.app */ = {isa = PBXFileReference; explicitFileType = wrapper.application; includeInIndex = 0; path = Progress.app; sourceTree = BUILT_PRODUCTS_DIR; };
		D4C24D3B19C5F9880015639A /* Foundation.framework */ = {isa = PBXFileReference; lastKnownFileType = wrapper.framework; name = Foundation.framework; path = System/Library/Frameworks/Foundation.framework; sourceTree = SDKROOT; };
		D4C24D3D19C5F9880015639A /* CoreGraphics.framework */ = {isa = PBXFileReference; lastKnownFileType = wrapper.framework; name = CoreGraphics.framework; path = System/Library/Frameworks/CoreGraphics.framework; sourceTree = SDKROOT; };
		D4C24D3F19C5F9880015639A /* UIKit.framework */ = {isa = PBXFileReference; lastKnownFileType = wrapper.framework; name = UIKit.framework; path = System/Library/Frameworks/UIKit.framework; sourceTree = SDKROOT; };
		D4C24D4319C5F9880015639A /* Progress-Info.plist */ = {isa = PBXFileReference; lastKnownFileType = text.plist.xml; path = "Progress-Info.plist"; sourceTree = "<group>"; };
		D4C24D4519C5F9880015639A /* en */ = {isa = PBXFileReference; lastKnownFileType = text.plist.strings; name = en; path = en.lproj/InfoPlist.strings; sourceTree = "<group>"; };
		D4C24D4719C5F9880015639A /* main.m */ = {isa = PBXFileReference; lastKnownFileType = sourcecode.c.objc; path = main.m; sourceTree = "<group>"; };
		D4C24D4919C5F9880015639A /* Progress-Prefix.pch */ = {isa = PBXFileReference; lastKnownFileType = sourcecode.c.h; path = "Progress-Prefix.pch"; sourceTree = "<group>"; };
		D4C24D4A19C5F9880015639A /* KIAppDelegate.h */ = {isa = PBXFileReference; lastKnownFileType = sourcecode.c.h; path = KIAppDelegate.h; sourceTree = "<group>"; };
		D4C24D4B19C5F9880015639A /* KIAppDelegate.m */ = {isa = PBXFileReference; lastKnownFileType = sourcecode.c.objc; path = KIAppDelegate.m; sourceTree = "<group>"; };
		D4C24D4E19C5F9880015639A /* Base */ = {isa = PBXFileReference; lastKnownFileType = file.storyboard; name = Base; path = Base.lproj/Main.storyboard; sourceTree = "<group>"; };
		D4C24D5019C5F9880015639A /* KIViewController.h */ = {isa = PBXFileReference; lastKnownFileType = sourcecode.c.h; path = KIViewController.h; sourceTree = "<group>"; };
		D4C24D5119C5F9880015639A /* KIViewController.m */ = {isa = PBXFileReference; lastKnownFileType = sourcecode.c.objc; path = KIViewController.m; sourceTree = "<group>"; };
		D4C24D5319C5F9880015639A /* Images.xcassets */ = {isa = PBXFileReference; lastKnownFileType = folder.assetcatalog; path = Images.xcassets; sourceTree = "<group>"; };
		D4C24D5919C5F9880015639A /* ProgressTests.xctest */ = {isa = PBXFileReference; explicitFileType = wrapper.cfbundle; includeInIndex = 0; path = ProgressTests.xctest; sourceTree = BUILT_PRODUCTS_DIR; };
		D4C24D5A19C5F9880015639A /* XCTest.framework */ = {isa = PBXFileReference; lastKnownFileType = wrapper.framework; name = XCTest.framework; path = Library/Frameworks/XCTest.framework; sourceTree = DEVELOPER_DIR; };
		D4C24D6219C5F9880015639A /* ProgressTests-Info.plist */ = {isa = PBXFileReference; lastKnownFileType = text.plist.xml; path = "ProgressTests-Info.plist"; sourceTree = "<group>"; };
		D4C24D6419C5F9880015639A /* en */ = {isa = PBXFileReference; lastKnownFileType = text.plist.strings; name = en; path = en.lproj/InfoPlist.strings; sourceTree = "<group>"; };
		D4C24D6619C5F9880015639A /* ProgressTests.m */ = {isa = PBXFileReference; lastKnownFileType = sourcecode.c.objc; path = ProgressTests.m; sourceTree = "<group>"; };
		D4C24D7119C5FA920015639A /* KIProgressViewManager.h */ = {isa = PBXFileReference; fileEncoding = 4; lastKnownFileType = sourcecode.c.h; path = KIProgressViewManager.h; sourceTree = "<group>"; };
		D4C24D7219C5FA920015639A /* KIProgressViewManager.m */ = {isa = PBXFileReference; fileEncoding = 4; lastKnownFileType = sourcecode.c.objc; path = KIProgressViewManager.m; sourceTree = "<group>"; };
		D4C24D7419C5FDB30015639A /* KIProgressView.h */ = {isa = PBXFileReference; fileEncoding = 4; lastKnownFileType = sourcecode.c.h; path = KIProgressView.h; sourceTree = "<group>"; };
		D4C24D7519C5FDB30015639A /* KIProgressView.m */ = {isa = PBXFileReference; fileEncoding = 4; lastKnownFileType = sourcecode.c.objc; path = KIProgressView.m; sourceTree = "<group>"; };
/* End PBXFileReference section */

/* Begin PBXFrameworksBuildPhase section */
		D4C24D3519C5F9880015639A /* Frameworks */ = {
			isa = PBXFrameworksBuildPhase;
			buildActionMask = 2147483647;
			files = (
				D4C24D3E19C5F9880015639A /* CoreGraphics.framework in Frameworks */,
				D4C24D4019C5F9880015639A /* UIKit.framework in Frameworks */,
				D4C24D3C19C5F9880015639A /* Foundation.framework in Frameworks */,
			);
			runOnlyForDeploymentPostprocessing = 0;
		};
		D4C24D5619C5F9880015639A /* Frameworks */ = {
			isa = PBXFrameworksBuildPhase;
			buildActionMask = 2147483647;
			files = (
				D4C24D5B19C5F9880015639A /* XCTest.framework in Frameworks */,
				D4C24D5D19C5F9880015639A /* UIKit.framework in Frameworks */,
				D4C24D5C19C5F9880015639A /* Foundation.framework in Frameworks */,
			);
			runOnlyForDeploymentPostprocessing = 0;
		};
/* End PBXFrameworksBuildPhase section */

/* Begin PBXGroup section */
		D4C24D2F19C5F9880015639A = {
			isa = PBXGroup;
			children = (
				D4C24D4119C5F9880015639A /* Progress */,
				D4C24D6019C5F9880015639A /* ProgressTests */,
				D4C24D3A19C5F9880015639A /* Frameworks */,
				D4C24D3919C5F9880015639A /* Products */,
			);
			sourceTree = "<group>";
		};
		D4C24D3919C5F9880015639A /* Products */ = {
			isa = PBXGroup;
			children = (
				D4C24D3819C5F9880015639A /* Progress.app */,
				D4C24D5919C5F9880015639A /* ProgressTests.xctest */,
			);
			name = Products;
			sourceTree = "<group>";
		};
		D4C24D3A19C5F9880015639A /* Frameworks */ = {
			isa = PBXGroup;
			children = (
				D4C24D3B19C5F9880015639A /* Foundation.framework */,
				D4C24D3D19C5F9880015639A /* CoreGraphics.framework */,
				D4C24D3F19C5F9880015639A /* UIKit.framework */,
				D4C24D5A19C5F9880015639A /* XCTest.framework */,
			);
			name = Frameworks;
			sourceTree = "<group>";
		};
		D4C24D4119C5F9880015639A /* Progress */ = {
			isa = PBXGroup;
			children = (
				D4C24D7019C5FA7F0015639A /* Classes */,
				D4C24D4A19C5F9880015639A /* KIAppDelegate.h */,
				D4C24D4B19C5F9880015639A /* KIAppDelegate.m */,
				D4C24D4D19C5F9880015639A /* Main.storyboard */,
				D4C24D5019C5F9880015639A /* KIViewController.h */,
				D4C24D5119C5F9880015639A /* KIViewController.m */,
				D4C24D5319C5F9880015639A /* Images.xcassets */,
				D4C24D4219C5F9880015639A /* Supporting Files */,
			);
			path = Progress;
			sourceTree = "<group>";
		};
		D4C24D4219C5F9880015639A /* Supporting Files */ = {
			isa = PBXGroup;
			children = (
				D4C24D4319C5F9880015639A /* Progress-Info.plist */,
				D4C24D4419C5F9880015639A /* InfoPlist.strings */,
				D4C24D4719C5F9880015639A /* main.m */,
				D4C24D4919C5F9880015639A /* Progress-Prefix.pch */,
			);
			name = "Supporting Files";
			sourceTree = "<group>";
		};
		D4C24D6019C5F9880015639A /* ProgressTests */ = {
			isa = PBXGroup;
			children = (
				D4C24D6619C5F9880015639A /* ProgressTests.m */,
				D4C24D6119C5F9880015639A /* Supporting Files */,
			);
			path = ProgressTests;
			sourceTree = "<group>";
		};
		D4C24D6119C5F9880015639A /* Supporting Files */ = {
			isa = PBXGroup;
			children = (
				D4C24D6219C5F9880015639A /* ProgressTests-Info.plist */,
				D4C24D6319C5F9880015639A /* InfoPlist.strings */,
			);
			name = "Supporting Files";
			sourceTree = "<group>";
		};
		D4C24D7019C5FA7F0015639A /* Classes */ = {
			isa = PBXGroup;
			children = (
				D4C24D7119C5FA920015639A /* KIProgressViewManager.h */,
				D4C24D7219C5FA920015639A /* KIProgressViewManager.m */,
				D4C24D7419C5FDB30015639A /* KIProgressView.h */,
				D4C24D7519C5FDB30015639A /* KIProgressView.m */,
			);
			path = Classes;
			sourceTree = "<group>";
		};
/* End PBXGroup section */

/* Begin PBXNativeTarget section */
		D4C24D3719C5F9880015639A /* Progress */ = {
			isa = PBXNativeTarget;
			buildConfigurationList = D4C24D6A19C5F9880015639A /* Build configuration list for PBXNativeTarget "Progress" */;
			buildPhases = (
				D4C24D3419C5F9880015639A /* Sources */,
				D4C24D3519C5F9880015639A /* Frameworks */,
				D4C24D3619C5F9880015639A /* Resources */,
			);
			buildRules = (
			);
			dependencies = (
			);
			name = Progress;
			productName = Progress;
			productReference = D4C24D3819C5F9880015639A /* Progress.app */;
			productType = "com.apple.product-type.application";
		};
		D4C24D5819C5F9880015639A /* ProgressTests */ = {
			isa = PBXNativeTarget;
			buildConfigurationList = D4C24D6D19C5F9880015639A /* Build configuration list for PBXNativeTarget "ProgressTests" */;
			buildPhases = (
				D4C24D5519C5F9880015639A /* Sources */,
				D4C24D5619C5F9880015639A /* Frameworks */,
				D4C24D5719C5F9880015639A /* Resources */,
			);
			buildRules = (
			);
			dependencies = (
				D4C24D5F19C5F9880015639A /* PBXTargetDependency */,
			);
			name = ProgressTests;
			productName = ProgressTests;
			productReference = D4C24D5919C5F9880015639A /* ProgressTests.xctest */;
			productType = "com.apple.product-type.bundle.unit-test";
		};
/* End PBXNativeTarget section */

/* Begin PBXProject section */
		D4C24D3019C5F9880015639A /* Project object */ = {
			isa = PBXProject;
			attributes = {
				CLASSPREFIX = KI;
				LastUpgradeCheck = 0510;
				ORGANIZATIONNAME = kaiinui;
				TargetAttributes = {
					D4C24D5819C5F9880015639A = {
						TestTargetID = D4C24D3719C5F9880015639A;
					};
				};
			};
			buildConfigurationList = D4C24D3319C5F9880015639A /* Build configuration list for PBXProject "Progress" */;
			compatibilityVersion = "Xcode 3.2";
			developmentRegion = English;
			hasScannedForEncodings = 0;
			knownRegions = (
				en,
				Base,
			);
			mainGroup = D4C24D2F19C5F9880015639A;
			productRefGroup = D4C24D3919C5F9880015639A /* Products */;
			projectDirPath = "";
			projectRoot = "";
			targets = (
				D4C24D3719C5F9880015639A /* Progress */,
				D4C24D5819C5F9880015639A /* ProgressTests */,
			);
		};
/* End PBXProject section */

/* Begin PBXResourcesBuildPhase section */
		D4C24D3619C5F9880015639A /* Resources */ = {
			isa = PBXResourcesBuildPhase;
			buildActionMask = 2147483647;
			files = (
				D4C24D5419C5F9880015639A /* Images.xcassets in Resources */,
				D4C24D4619C5F9880015639A /* InfoPlist.strings in Resources */,
				D4C24D4F19C5F9880015639A /* Main.storyboard in Resources */,
			);
			runOnlyForDeploymentPostprocessing = 0;
		};
		D4C24D5719C5F9880015639A /* Resources */ = {
			isa = PBXResourcesBuildPhase;
			buildActionMask = 2147483647;
			files = (
				D4C24D6519C5F9880015639A /* InfoPlist.strings in Resources */,
			);
			runOnlyForDeploymentPostprocessing = 0;
		};
/* End PBXResourcesBuildPhase section */

/* Begin PBXSourcesBuildPhase section */
		D4C24D3419C5F9880015639A /* Sources */ = {
			isa = PBXSourcesBuildPhase;
			buildActionMask = 2147483647;
			files = (
				D4C24D5219C5F9880015639A /* KIViewController.m in Sources */,
				D4C24D7319C5FA920015639A /* KIProgressViewManager.m in Sources */,
				D4C24D4C19C5F9880015639A /* KIAppDelegate.m in Sources */,
				D4C24D7619C5FDB30015639A /* KIProgressView.m in Sources */,
				D4C24D4819C5F9880015639A /* main.m in Sources */,
			);
			runOnlyForDeploymentPostprocessing = 0;
		};
		D4C24D5519C5F9880015639A /* Sources */ = {
			isa = PBXSourcesBuildPhase;
			buildActionMask = 2147483647;
			files = (
				D4C24D6719C5F9880015639A /* ProgressTests.m in Sources */,
			);
			runOnlyForDeploymentPostprocessing = 0;
		};
/* End PBXSourcesBuildPhase section */

/* Begin PBXTargetDependency section */
		D4C24D5F19C5F9880015639A /* PBXTargetDependency */ = {
			isa = PBXTargetDependency;
			target = D4C24D3719C5F9880015639A /* Progress */;
			targetProxy = D4C24D5E19C5F9880015639A /* PBXContainerItemProxy */;
		};
/* End PBXTargetDependency section */

/* Begin PBXVariantGroup section */
		D4C24D4419C5F9880015639A /* InfoPlist.strings */ = {
			isa = PBXVariantGroup;
			children = (
				D4C24D4519C5F9880015639A /* en */,
			);
			name = InfoPlist.strings;
			sourceTree = "<group>";
		};
		D4C24D4D19C5F9880015639A /* Main.storyboard */ = {
			isa = PBXVariantGroup;
			children = (
				D4C24D4E19C5F9880015639A /* Base */,
			);
			name = Main.storyboard;
			sourceTree = "<group>";
		};
		D4C24D6319C5F9880015639A /* InfoPlist.strings */ = {
			isa = PBXVariantGroup;
			children = (
				D4C24D6419C5F9880015639A /* en */,
			);
			name = InfoPlist.strings;
			sourceTree = "<group>";
		};
/* End PBXVariantGroup section */

/* Begin XCBuildConfiguration section */
		D4C24D6819C5F9880015639A /* Debug */ = {
			isa = XCBuildConfiguration;
			buildSettings = {
				ALWAYS_SEARCH_USER_PATHS = NO;
				CLANG_CXX_LANGUAGE_STANDARD = "gnu++0x";
				CLANG_CXX_LIBRARY = "libc++";
				CLANG_ENABLE_MODULES = YES;
				CLANG_ENABLE_OBJC_ARC = YES;
				CLANG_WARN_BOOL_CONVERSION = YES;
				CLANG_WARN_CONSTANT_CONVERSION = YES;
				CLANG_WARN_DIRECT_OBJC_ISA_USAGE = YES_ERROR;
				CLANG_WARN_EMPTY_BODY = YES;
				CLANG_WARN_ENUM_CONVERSION = YES;
				CLANG_WARN_INT_CONVERSION = YES;
				CLANG_WARN_OBJC_ROOT_CLASS = YES_ERROR;
				CLANG_WARN__DUPLICATE_METHOD_MATCH = YES;
				"CODE_SIGN_IDENTITY[sdk=iphoneos*]" = "iPhone Developer";
				COPY_PHASE_STRIP = NO;
				GCC_C_LANGUAGE_STANDARD = gnu99;
				GCC_DYNAMIC_NO_PIC = NO;
				GCC_OPTIMIZATION_LEVEL = 0;
				GCC_PREPROCESSOR_DEFINITIONS = (
					"DEBUG=1",
					"$(inherited)",
				);
				GCC_SYMBOLS_PRIVATE_EXTERN = NO;
				GCC_WARN_64_TO_32_BIT_CONVERSION = YES;
				GCC_WARN_ABOUT_RETURN_TYPE = YES_ERROR;
				GCC_WARN_UNDECLARED_SELECTOR = YES;
				GCC_WARN_UNINITIALIZED_AUTOS = YES_AGGRESSIVE;
				GCC_WARN_UNUSED_FUNCTION = YES;
				GCC_WARN_UNUSED_VARIABLE = YES;
				IPHONEOS_DEPLOYMENT_TARGET = 7.1;
				ONLY_ACTIVE_ARCH = YES;
				SDKROOT = iphoneos;
			};
			name = Debug;
		};
		D4C24D6919C5F9880015639A /* Release */ = {
			isa = XCBuildConfiguration;
			buildSettings = {
				ALWAYS_SEARCH_USER_PATHS = NO;
				CLANG_CXX_LANGUAGE_STANDARD = "gnu++0x";
				CLANG_CXX_LIBRARY = "libc++";
				CLANG_ENABLE_MODULES = YES;
				CLANG_ENABLE_OBJC_ARC = YES;
				CLANG_WARN_BOOL_CONVERSION = YES;
				CLANG_WARN_CONSTANT_CONVERSION = YES;
				CLANG_WARN_DIRECT_OBJC_ISA_USAGE = YES_ERROR;
				CLANG_WARN_EMPTY_BODY = YES;
				CLANG_WARN_ENUM_CONVERSION = YES;
				CLANG_WARN_INT_CONVERSION = YES;
				CLANG_WARN_OBJC_ROOT_CLASS = YES_ERROR;
				CLANG_WARN__DUPLICATE_METHOD_MATCH = YES;
				"CODE_SIGN_IDENTITY[sdk=iphoneos*]" = "iPhone Developer";
				COPY_PHASE_STRIP = YES;
				ENABLE_NS_ASSERTIONS = NO;
				GCC_C_LANGUAGE_STANDARD = gnu99;
				GCC_WARN_64_TO_32_BIT_CONVERSION = YES;
				GCC_WARN_ABOUT_RETURN_TYPE = YES_ERROR;
				GCC_WARN_UNDECLARED_SELECTOR = YES;
				GCC_WARN_UNINITIALIZED_AUTOS = YES_AGGRESSIVE;
				GCC_WARN_UNUSED_FUNCTION = YES;
				GCC_WARN_UNUSED_VARIABLE = YES;
				IPHONEOS_DEPLOYMENT_TARGET = 7.1;
				SDKROOT = iphoneos;
				VALIDATE_PRODUCT = YES;
			};
			name = Release;
		};
		D4C24D6B19C5F9880015639A /* Debug */ = {
			isa = XCBuildConfiguration;
			buildSettings = {
				ASSETCATALOG_COMPILER_APPICON_NAME = AppIcon;
				ASSETCATALOG_COMPILER_LAUNCHIMAGE_NAME = LaunchImage;
				GCC_PRECOMPILE_PREFIX_HEADER = YES;
				GCC_PREFIX_HEADER = "Progress/Progress-Prefix.pch";
				INFOPLIST_FILE = "Progress/Progress-Info.plist";
				PRODUCT_NAME = "$(TARGET_NAME)";
				WRAPPER_EXTENSION = app;
			};
			name = Debug;
		};
		D4C24D6C19C5F9880015639A /* Release */ = {
			isa = XCBuildConfiguration;
			buildSettings = {
				ASSETCATALOG_COMPILER_APPICON_NAME = AppIcon;
				ASSETCATALOG_COMPILER_LAUNCHIMAGE_NAME = LaunchImage;
				GCC_PRECOMPILE_PREFIX_HEADER = YES;
				GCC_PREFIX_HEADER = "Progress/Progress-Prefix.pch";
				INFOPLIST_FILE = "Progress/Progress-Info.plist";
				PRODUCT_NAME = "$(TARGET_NAME)";
				WRAPPER_EXTENSION = app;
			};
			name = Release;
		};
		D4C24D6E19C5F9880015639A /* Debug */ = {
			isa = XCBuildConfiguration;
			buildSettings = {
				BUNDLE_LOADER = "$(BUILT_PRODUCTS_DIR)/Progress.app/Progress";
				FRAMEWORK_SEARCH_PATHS = (
					"$(SDKROOT)/Developer/Library/Frameworks",
					"$(inherited)",
					"$(DEVELOPER_FRAMEWORKS_DIR)",
				);
				GCC_PRECOMPILE_PREFIX_HEADER = YES;
				GCC_PREFIX_HEADER = "Progress/Progress-Prefix.pch";
				GCC_PREPROCESSOR_DEFINITIONS = (
					"DEBUG=1",
					"$(inherited)",
				);
				INFOPLIST_FILE = "ProgressTests/ProgressTests-Info.plist";
				PRODUCT_NAME = "$(TARGET_NAME)";
				TEST_HOST = "$(BUNDLE_LOADER)";
				WRAPPER_EXTENSION = xctest;
			};
			name = Debug;
		};
		D4C24D6F19C5F9880015639A /* Release */ = {
			isa = XCBuildConfiguration;
			buildSettings = {
				BUNDLE_LOADER = "$(BUILT_PRODUCTS_DIR)/Progress.app/Progress";
				FRAMEWORK_SEARCH_PATHS = (
					"$(SDKROOT)/Developer/Library/Frameworks",
					"$(inherited)",
					"$(DEVELOPER_FRAMEWORKS_DIR)",
				);
				GCC_PRECOMPILE_PREFIX_HEADER = YES;
				GCC_PREFIX_HEADER = "Progress/Progress-Prefix.pch";
				INFOPLIST_FILE = "ProgressTests/ProgressTests-Info.plist";
				PRODUCT_NAME = "$(TARGET_NAME)";
				TEST_HOST = "$(BUNDLE_LOADER)";
				WRAPPER_EXTENSION = xctest;
			};
			name = Release;
		};
/* End XCBuildConfiguration section */

/* Begin XCConfigurationList section */
		D4C24D3319C5F9880015639A /* Build configuration list for PBXProject "Progress" */ = {
			isa = XCConfigurationList;
			buildConfigurations = (
				D4C24D6819C5F9880015639A /* Debug */,
				D4C24D6919C5F9880015639A /* Release */,
			);
			defaultConfigurationIsVisible = 0;
			defaultConfigurationName = Release;
		};
		D4C24D6A19C5F9880015639A /* Build configuration list for PBXNativeTarget "Progress" */ = {
			isa = XCConfigurationList;
			buildConfigurations = (
				D4C24D6B19C5F9880015639A /* Debug */,
				D4C24D6C19C5F9880015639A /* Release */,
			);
			defaultConfigurationIsVisible = 0;
		};
		D4C24D6D19C5F9880015639A /* Build configuration list for PBXNativeTarget "ProgressTests" */ = {
			isa = XCConfigurationList;
			buildConfigurations = (
				D4C24D6E19C5F9880015639A /* Debug */,
				D4C24D6F19C5F9880015639A /* Release */,
			);
			defaultConfigurationIsVisible = 0;
		};
/* End XCConfigurationList section */
	};
	rootObject = D4C24D3019C5F9880015639A /* Project object */;
}
